
Microsoft Visual Studio Solution File, Format Version 12.00
# Visual Studio Version 17
VisualStudioVersion = 17.7.34003.232
MinimumVisualStudioVersion = 10.0.40219.1
Project("{8BC9CEB8-8B4A-11D0-8D11-00A0C91BC942}") = "poids", "poids\poids.vcxproj", "{04E53CA6-F6A1-42D2-BC43-7A5C9BABC29B}"
EndProject
Project("{8BC9CEB8-8B4A-11D0-8D11-00A0C91BC942}") = "test-poids", "test-poids\test-poids.vcxproj", "{9A1E0D42-1096-4202-AB9F-483353F52306}"
EndProject
Global
	GlobalSection(SolutionConfigurationPlatforms) = preSolution
		Debug|x64 = Debug|x64
		Debug|x86 = Debug|x86
		Release|x64 = Release|x64
		Release|x86 = Release|x86
	EndGlobalSection
	GlobalSection(ProjectConfigurationPlatforms) = postSolution
		{04E53CA6-F6A1-42D2-BC43-7A5C9BABC29B}.Debug|x64.ActiveCfg = Debug|x64
		{04E53CA6-F6A1-42D2-BC43-7A5C9BABC29B}.Debug|x64.Build.0 = Debug|x64
		{04E53CA6-F6A1-42D2-BC43-7A5C9BABC29B}.Debug|x86.ActiveCfg = Debug|Win32
		{04E53CA6-F6A1-42D2-BC43-7A5C9BABC29B}.Debug|x86.Build.0 = Debug|Win32
		{04E53CA6-F6A1-42D2-BC43-7A5C9BABC29B}.Release|x64.ActiveCfg = Release|x64
		{04E53CA6-F6A1-42D2-BC43-7A5C9BABC29B}.Release|x64.Build.0 = Release|x64
		{04E53CA6-F6A1-42D2-BC43-7A5C9BABC29B}.Release|x86.ActiveCfg = Release|Win32
		{04E53CA6-F6A1-42D2-BC43-7A5C9BABC29B}.Release|x86.Build.0 = Release|Win32
		{9A1E0D42-1096-4202-AB9F-483353F52306}.Debug|x64.ActiveCfg = Debug|x64
		{9A1E0D42-1096-4202-AB9F-483353F52306}.Debug|x64.Build.0 = Debug|x64
		{9A1E0D42-1096-4202-AB9F-483353F52306}.Debug|x86.ActiveCfg = Debug|Win32
		{9A1E0D42-1096-4202-AB9F-483353F52306}.Debug|x86.Build.0 = Debug|Win32
		{9A1E0D42-1096-4202-AB9F-483353F52306}.Release|x64.ActiveCfg = Release|x64
		{9A1E0D42-1096-4202-AB9F-483353F52306}.Release|x64.Build.0 = Release|x64
		{9A1E0D42-1096-4202-AB9F-483353F52306}.Release|x86.ActiveCfg = Release|Win32
		{9A1E0D42-1096-4202-AB9F-483353F52306}.Release|x86.Build.0 = Release|Win32
	EndGlobalSection
	GlobalSection(SolutionProperties) = preSolution
		HideSolutionNode = FALSE
	EndGlobalSection
	GlobalSection(ExtensibilityGlobals) = postSolution
		SolutionGuid = {F41BB679-A532-42E3-B56D-05D4734E4ED6}
	EndGlobalSection
EndGlobal
