<?xml version="1.0" encoding="utf-8"?>
<Project ToolsVersion="4.0" xmlns="http://schemas.microsoft.com/developer/msbuild/2003">
  <ItemGroup>
    <Filter Include="util">
      <UniqueIdentifier>{ef008c61-ac28-440b-a862-bd3b5bf651aa}</UniqueIdentifier>
    </Filter>
    <Filter Include="metric">
      <UniqueIdentifier>{0fde5870-a76a-4e44-897e-9b46e4cbed62}</UniqueIdentifier>
    </Filter>
  </ItemGroup>
  <ItemGroup>
    <ClCompile Include="Unit.h" />
    <ClCompile Include="Poids.h" />
  </ItemGroup>
  <ItemGroup>
    <ClInclude Include="metric\constants.h">
      <Filter>metric</Filter>
    </ClInclude>
    <ClInclude Include="metric\SIDimension.h">
      <Filter>metric</Filter>
    </ClInclude>
    <ClInclude Include="metric\UnitTypes.h">
      <Filter>metric</Filter>
    </ClInclude>
    <ClInclude Include="util\rational.h">
      <Filter>util</Filter>
    </ClInclude>
    <ClInclude Include="Metric.h" />
    <ClInclude Include="Dimension.h" />
  </ItemGroup>
</Project>